{
  "name": "miniprogram-2",
  "lockfileVersion": 3,
  "requires": true,
  "packages": {
    "": {
      "dependencies": {
        "tdesign-miniprogram": "^1.12.2"
      },
      "devDependencies": {
        "miniprogram-api-typings": "^5.1.2"
      }
    },
    "node_modules/miniprogram-api-typings": {
      "version": "5.1.2",
      "resolved": "https://registry.npmjs.org/miniprogram-api-typings/-/miniprogram-api-typings-5.1.2.tgz",
      "integrity": "sha512-+4tABz3krRZu0EFO9obYwsfNC5Grpc5v49ZZc9qNzHRUHvKnM6G/n8/LnJBQCFht9dymhRnRx3FKcJ6TmzfmwA==",
      "dev": true,
      "license": "MIT"
    },
    "node_modules/tdesign-miniprogram": {
      "version": "1.12.2",
      "resolved": "https://registry.npmjs.org/tdesign-miniprogram/-/tdesign-miniprogram-1.12.2.tgz",
      "integrity": "sha512-ZpOdwonT26RRCK/FWbg9tR2lAJ54Hb4PAdyTWu8URWkbKOmSQhn0JCwCtWWRofKbyWCPsCn5NqljobaGh5VCMg=="
    }
  }
}
